
Microsoft Visual Studio Solution File, Format Version 12.00
# Visual Studio Version 17
VisualStudioVersion = 17.11.35208.52
MinimumVisualStudioVersion = 10.0.40219.1
Project("{FAE04EC0-301F-11D3-BF4B-00C04F79EFBC}") = "Apple_Price", "Apple_Price\Apple_Price.csproj", "{F4CBCF04-2FDB-486C-A9FD-2CD05A26D2CC}"
EndProject
Global
	GlobalSection(SolutionConfigurationPlatforms) = preSolution
		Debug|Any CPU = Debug|Any CPU
		Release|Any CPU = Release|Any CPU
	EndGlobalSection
	GlobalSection(ProjectConfigurationPlatforms) = postSolution
		{F4CBCF04-2FDB-486C-A9FD-2CD05A26D2CC}.Debug|Any CPU.ActiveCfg = Debug|Any CPU
		{F4CBCF04-2FDB-486C-A9FD-2CD05A26D2CC}.Debug|Any CPU.Build.0 = Debug|Any CPU
		{F4CBCF04-2FDB-486C-A9FD-2CD05A26D2CC}.Release|Any CPU.ActiveCfg = Release|Any CPU
		{F4CBCF04-2FDB-486C-A9FD-2CD05A26D2CC}.Release|Any CPU.Build.0 = Release|Any CPU
	EndGlobalSection
	GlobalSection(SolutionProperties) = preSolution
		HideSolutionNode = FALSE
	EndGlobalSection
	GlobalSection(ExtensibilityGlobals) = postSolution
		SolutionGuid = {FF311902-8E52-4308-85AE-D7B690FD4487}
	EndGlobalSection
EndGlobal
